
Microsoft Visual Studio Solution File, Format Version 12.00
# Visual Studio Version 17
VisualStudioVersion = 17.0.31903.59
MinimumVisualStudioVersion = 10.0.40219.1
Project("{FAE04EC0-301F-11D3-BF4B-00C04F79EFBC}") = "Itm.Event.Api", "Itm.Event.Api\Itm.Event.Api.csproj", "{DFEF2CA0-9A4A-4B86-99D3-F7A90A95A0A7}"
EndProject
Project("{FAE04EC0-301F-11D3-BF4B-00C04F79EFBC}") = "Itm.Discount.Api", "Itm.Discount.Api\Itm.Discount.Api.csproj", "{092F180E-D557-4170-8838-A21D4F887F78}"
EndProject
Project("{FAE04EC0-301F-11D3-BF4B-00C04F79EFBC}") = "Itm.Booking.Api", "Itm.Booking.Api\Itm.Booking.Api.csproj", "{0763B524-0FCB-40E8-8209-82B37F21621A}"
EndProject
Global
	GlobalSection(SolutionConfigurationPlatforms) = preSolution
		Debug|Any CPU = Debug|Any CPU
		Debug|x64 = Debug|x64
		Debug|x86 = Debug|x86
		Release|Any CPU = Release|Any CPU
		Release|x64 = Release|x64
		Release|x86 = Release|x86
	EndGlobalSection
	GlobalSection(ProjectConfigurationPlatforms) = postSolution
		{DFEF2CA0-9A4A-4B86-99D3-F7A90A95A0A7}.Debug|Any CPU.ActiveCfg = Debug|Any CPU
		{DFEF2CA0-9A4A-4B86-99D3-F7A90A95A0A7}.Debug|Any CPU.Build.0 = Debug|Any CPU
		{DFEF2CA0-9A4A-4B86-99D3-F7A90A95A0A7}.Debug|x64.ActiveCfg = Debug|Any CPU
		{DFEF2CA0-9A4A-4B86-99D3-F7A90A95A0A7}.Debug|x64.Build.0 = Debug|Any CPU
		{DFEF2CA0-9A4A-4B86-99D3-F7A90A95A0A7}.Debug|x86.ActiveCfg = Debug|Any CPU
		{DFEF2CA0-9A4A-4B86-99D3-F7A90A95A0A7}.Debug|x86.Build.0 = Debug|Any CPU
		{DFEF2CA0-9A4A-4B86-99D3-F7A90A95A0A7}.Release|Any CPU.ActiveCfg = Release|Any CPU
		{DFEF2CA0-9A4A-4B86-99D3-F7A90A95A0A7}.Release|Any CPU.Build.0 = Release|Any CPU
		{DFEF2CA0-9A4A-4B86-99D3-F7A90A95A0A7}.Release|x64.ActiveCfg = Release|Any CPU
		{DFEF2CA0-9A4A-4B86-99D3-F7A90A95A0A7}.Release|x64.Build.0 = Release|Any CPU
		{DFEF2CA0-9A4A-4B86-99D3-F7A90A95A0A7}.Release|x86.ActiveCfg = Release|Any CPU
		{DFEF2CA0-9A4A-4B86-99D3-F7A90A95A0A7}.Release|x86.Build.0 = Release|Any CPU
		{092F180E-D557-4170-8838-A21D4F887F78}.Debug|Any CPU.ActiveCfg = Debug|Any CPU
		{092F180E-D557-4170-8838-A21D4F887F78}.Debug|Any CPU.Build.0 = Debug|Any CPU
		{092F180E-D557-4170-8838-A21D4F887F78}.Debug|x64.ActiveCfg = Debug|Any CPU
		{092F180E-D557-4170-8838-A21D4F887F78}.Debug|x64.Build.0 = Debug|Any CPU
		{092F180E-D557-4170-8838-A21D4F887F78}.Debug|x86.ActiveCfg = Debug|Any CPU
		{092F180E-D557-4170-8838-A21D4F887F78}.Debug|x86.Build.0 = Debug|Any CPU
		{092F180E-D557-4170-8838-A21D4F887F78}.Release|Any CPU.ActiveCfg = Release|Any CPU
		{092F180E-D557-4170-8838-A21D4F887F78}.Release|Any CPU.Build.0 = Release|Any CPU
		{092F180E-D557-4170-8838-A21D4F887F78}.Release|x64.ActiveCfg = Release|Any CPU
		{092F180E-D557-4170-8838-A21D4F887F78}.Release|x64.Build.0 = Release|Any CPU
		{092F180E-D557-4170-8838-A21D4F887F78}.Release|x86.ActiveCfg = Release|Any CPU
		{092F180E-D557-4170-8838-A21D4F887F78}.Release|x86.Build.0 = Release|Any CPU
		{0763B524-0FCB-40E8-8209-82B37F21621A}.Debug|Any CPU.ActiveCfg = Debug|Any CPU
		{0763B524-0FCB-40E8-8209-82B37F21621A}.Debug|Any CPU.Build.0 = Debug|Any CPU
		{0763B524-0FCB-40E8-8209-82B37F21621A}.Debug|x64.ActiveCfg = Debug|Any CPU
		{0763B524-0FCB-40E8-8209-82B37F21621A}.Debug|x64.Build.0 = Debug|Any CPU
		{0763B524-0FCB-40E8-8209-82B37F21621A}.Debug|x86.ActiveCfg = Debug|Any CPU
		{0763B524-0FCB-40E8-8209-82B37F21621A}.Debug|x86.Build.0 = Debug|Any CPU
		{0763B524-0FCB-40E8-8209-82B37F21621A}.Release|Any CPU.ActiveCfg = Release|Any CPU
		{0763B524-0FCB-40E8-8209-82B37F21621A}.Release|Any CPU.Build.0 = Release|Any CPU
		{0763B524-0FCB-40E8-8209-82B37F21621A}.Release|x64.ActiveCfg = Release|Any CPU
		{0763B524-0FCB-40E8-8209-82B37F21621A}.Release|x64.Build.0 = Release|Any CPU
		{0763B524-0FCB-40E8-8209-82B37F21621A}.Release|x86.ActiveCfg = Release|Any CPU
		{0763B524-0FCB-40E8-8209-82B37F21621A}.Release|x86.Build.0 = Release|Any CPU
	EndGlobalSection
	GlobalSection(SolutionProperties) = preSolution
		HideSolutionNode = FALSE
	EndGlobalSection
EndGlobal
